
Microsoft Visual Studio Solution File, Format Version 12.00
# Visual Studio 14
VisualStudioVersion = 14.0.23107.0
MinimumVisualStudioVersion = 10.0.40219.1
Project("{FAE04EC0-301F-11D3-BF4B-00C04F79EFBC}") = "TealEditor", "TealEditor\TealEditor.csproj", "{D9F6DB2D-5E0A-4E25-BBA4-DE34E0FF7C4E}"
EndProject
Project("{FAE04EC0-301F-11D3-BF4B-00C04F79EFBC}") = "Teal.CodeEditor", "Teal.CodeEditor\Teal.CodeEditor.csproj", "{674C78B7-5337-4954-848D-C21724249B98}"
EndProject
Global
	GlobalSection(SolutionConfigurationPlatforms) = preSolution
		Debug|Any CPU = Debug|Any CPU
		Release|Any CPU = Release|Any CPU
	EndGlobalSection
	GlobalSection(ProjectConfigurationPlatforms) = postSolution
		{D9F6DB2D-5E0A-4E25-BBA4-DE34E0FF7C4E}.Debug|Any CPU.ActiveCfg = Debug|Any CPU
		{D9F6DB2D-5E0A-4E25-BBA4-DE34E0FF7C4E}.Debug|Any CPU.Build.0 = Debug|Any CPU
		{D9F6DB2D-5E0A-4E25-BBA4-DE34E0FF7C4E}.Release|Any CPU.ActiveCfg = Release|Any CPU
		{D9F6DB2D-5E0A-4E25-BBA4-DE34E0FF7C4E}.Release|Any CPU.Build.0 = Release|Any CPU
		{674C78B7-5337-4954-848D-C21724249B98}.Debug|Any CPU.ActiveCfg = Debug|Any CPU
		{674C78B7-5337-4954-848D-C21724249B98}.Debug|Any CPU.Build.0 = Debug|Any CPU
		{674C78B7-5337-4954-848D-C21724249B98}.Release|Any CPU.ActiveCfg = Release|Any CPU
		{674C78B7-5337-4954-848D-C21724249B98}.Release|Any CPU.Build.0 = Release|Any CPU
	EndGlobalSection
	GlobalSection(SolutionProperties) = preSolution
		HideSolutionNode = FALSE
	EndGlobalSection
EndGlobal
