
Microsoft Visual Studio Solution File, Format Version 12.00
# Visual Studio 14
VisualStudioVersion = 14.0.23107.0
MinimumVisualStudioVersion = 10.0.40219.1
Project("{FAE04EC0-301F-11D3-BF4B-00C04F79EFBC}") = "TealEditor", "TealEditor\TealEditor.csproj", "{D9F6DB2D-5E0A-4E25-BBA4-DE34E0FF7C4E}"
EndProject
Project("{FAE04EC0-301F-11D3-BF4B-00C04F79EFBC}") = "Teal.CodeEditor", "Teal.CodeEditor\Teal.CodeEditor.csproj", "{674C78B7-5337-4954-848D-C21724249B98}"
EndProject
Project("{FAE04EC0-301F-11D3-BF4B-00C04F79EFBC}") = "Teal.CodeEditor.Test", "Teal.CodeEditor.Test\Teal.CodeEditor.Test.csproj", "{6F072E38-E84E-486A-886D-E33B621A8949}"
EndProject
Project("{2150E333-8FDC-42A3-9474-1A3956D46DE8}") = "参考项目", "参考项目", "{F7833274-8A4A-4270-B02A-8EE5771EF095}"
EndProject
Project("{FAE04EC0-301F-11D3-BF4B-00C04F79EFBC}") = "AIMS.IDE", "_refs\AIMS\AIMS.IDE\AIMS.IDE.csproj", "{AC3122D8-ECC0-417D-A585-12438C8CB76D}"
EndProject
Project("{FAE04EC0-301F-11D3-BF4B-00C04F79EFBC}") = "CodeEditor", "_refs\AIMS\AIMS.CodeEditor\CodeEditor.csproj", "{94BFA44A-F4D0-4605-88E6-3ADD498F5E16}"
EndProject
Project("{FAE04EC0-301F-11D3-BF4B-00C04F79EFBC}") = "CodeEditor.SyntaxFiles", "_refs\AIMS\AIMS.SyntaxFiles\CodeEditor.SyntaxFiles.csproj", "{3814F627-858A-42A3-9AAF-CD649413F2A8}"
EndProject
Project("{FAE04EC0-301F-11D3-BF4B-00C04F79EFBC}") = "CodeEditor.SyntaxDocument", "_refs\AIMS\SyntaxDocument\CodeEditor.SyntaxDocument.csproj", "{3F43BAB0-22B4-4FD6-9655-8BA214A093A5}"
EndProject
Project("{FAE04EC0-301F-11D3-BF4B-00C04F79EFBC}") = "ConsoleApplication1", "ConsoleApplication1\ConsoleApplication1.csproj", "{764DACCF-D87A-401C-B96C-BCF44BD064BB}"
EndProject
Project("{FAE04EC0-301F-11D3-BF4B-00C04F79EFBC}") = "ICSharpCode.AvalonEdit", "_refs\other\ICSharpCode.AvalonEdit\ICSharpCode.AvalonEdit\ICSharpCode.AvalonEdit.csproj", "{6C55B776-26D4-4DB3-A6AB-87E783B2F3D1}"
EndProject
Project("{FAE04EC0-301F-11D3-BF4B-00C04F79EFBC}") = "ICSharpCode.AvalonEdit.Sample", "_refs\other\ICSharpCode.AvalonEdit\ICSharpCode.AvalonEdit.Sample\ICSharpCode.AvalonEdit.Sample.csproj", "{13A5B497-BA12-45AE-9033-22620C3153FB}"
EndProject
Global
	GlobalSection(SolutionConfigurationPlatforms) = preSolution
		Debug|Any CPU = Debug|Any CPU
		Debug|Net35 = Debug|Net35
		Debug|Net40 = Debug|Net40
		Debug|WithNRefactory = Debug|WithNRefactory
		Release|Any CPU = Release|Any CPU
		Release|Net35 = Release|Net35
		Release|Net40 = Release|Net40
		Release|WithNRefactory = Release|WithNRefactory
	EndGlobalSection
	GlobalSection(ProjectConfigurationPlatforms) = postSolution
		{D9F6DB2D-5E0A-4E25-BBA4-DE34E0FF7C4E}.Debug|Any CPU.ActiveCfg = Debug|Any CPU
		{D9F6DB2D-5E0A-4E25-BBA4-DE34E0FF7C4E}.Debug|Any CPU.Build.0 = Debug|Any CPU
		{D9F6DB2D-5E0A-4E25-BBA4-DE34E0FF7C4E}.Debug|Net35.ActiveCfg = Debug|Any CPU
		{D9F6DB2D-5E0A-4E25-BBA4-DE34E0FF7C4E}.Debug|Net40.ActiveCfg = Debug|Any CPU
		{D9F6DB2D-5E0A-4E25-BBA4-DE34E0FF7C4E}.Debug|WithNRefactory.ActiveCfg = Debug|Any CPU
		{D9F6DB2D-5E0A-4E25-BBA4-DE34E0FF7C4E}.Release|Any CPU.ActiveCfg = Release|Any CPU
		{D9F6DB2D-5E0A-4E25-BBA4-DE34E0FF7C4E}.Release|Any CPU.Build.0 = Release|Any CPU
		{D9F6DB2D-5E0A-4E25-BBA4-DE34E0FF7C4E}.Release|Net35.ActiveCfg = Release|Any CPU
		{D9F6DB2D-5E0A-4E25-BBA4-DE34E0FF7C4E}.Release|Net40.ActiveCfg = Release|Any CPU
		{D9F6DB2D-5E0A-4E25-BBA4-DE34E0FF7C4E}.Release|WithNRefactory.ActiveCfg = Release|Any CPU
		{674C78B7-5337-4954-848D-C21724249B98}.Debug|Any CPU.ActiveCfg = Debug|Any CPU
		{674C78B7-5337-4954-848D-C21724249B98}.Debug|Any CPU.Build.0 = Debug|Any CPU
		{674C78B7-5337-4954-848D-C21724249B98}.Debug|Net35.ActiveCfg = Debug|Any CPU
		{674C78B7-5337-4954-848D-C21724249B98}.Debug|Net35.Build.0 = Debug|Any CPU
		{674C78B7-5337-4954-848D-C21724249B98}.Debug|Net40.ActiveCfg = Debug|Any CPU
		{674C78B7-5337-4954-848D-C21724249B98}.Debug|Net40.Build.0 = Debug|Any CPU
		{674C78B7-5337-4954-848D-C21724249B98}.Debug|WithNRefactory.ActiveCfg = Debug|Any CPU
		{674C78B7-5337-4954-848D-C21724249B98}.Debug|WithNRefactory.Build.0 = Debug|Any CPU
		{674C78B7-5337-4954-848D-C21724249B98}.Release|Any CPU.ActiveCfg = Release|Any CPU
		{674C78B7-5337-4954-848D-C21724249B98}.Release|Any CPU.Build.0 = Release|Any CPU
		{674C78B7-5337-4954-848D-C21724249B98}.Release|Net35.ActiveCfg = Release|Any CPU
		{674C78B7-5337-4954-848D-C21724249B98}.Release|Net35.Build.0 = Release|Any CPU
		{674C78B7-5337-4954-848D-C21724249B98}.Release|Net40.ActiveCfg = Release|Any CPU
		{674C78B7-5337-4954-848D-C21724249B98}.Release|Net40.Build.0 = Release|Any CPU
		{674C78B7-5337-4954-848D-C21724249B98}.Release|WithNRefactory.ActiveCfg = Release|Any CPU
		{674C78B7-5337-4954-848D-C21724249B98}.Release|WithNRefactory.Build.0 = Release|Any CPU
		{6F072E38-E84E-486A-886D-E33B621A8949}.Debug|Any CPU.ActiveCfg = Debug|Any CPU
		{6F072E38-E84E-486A-886D-E33B621A8949}.Debug|Any CPU.Build.0 = Debug|Any CPU
		{6F072E38-E84E-486A-886D-E33B621A8949}.Debug|Net35.ActiveCfg = Debug|Any CPU
		{6F072E38-E84E-486A-886D-E33B621A8949}.Debug|Net35.Build.0 = Debug|Any CPU
		{6F072E38-E84E-486A-886D-E33B621A8949}.Debug|Net40.ActiveCfg = Debug|Any CPU
		{6F072E38-E84E-486A-886D-E33B621A8949}.Debug|Net40.Build.0 = Debug|Any CPU
		{6F072E38-E84E-486A-886D-E33B621A8949}.Debug|WithNRefactory.ActiveCfg = Debug|Any CPU
		{6F072E38-E84E-486A-886D-E33B621A8949}.Debug|WithNRefactory.Build.0 = Debug|Any CPU
		{6F072E38-E84E-486A-886D-E33B621A8949}.Release|Any CPU.ActiveCfg = Release|Any CPU
		{6F072E38-E84E-486A-886D-E33B621A8949}.Release|Any CPU.Build.0 = Release|Any CPU
		{6F072E38-E84E-486A-886D-E33B621A8949}.Release|Net35.ActiveCfg = Release|Any CPU
		{6F072E38-E84E-486A-886D-E33B621A8949}.Release|Net35.Build.0 = Release|Any CPU
		{6F072E38-E84E-486A-886D-E33B621A8949}.Release|Net40.ActiveCfg = Release|Any CPU
		{6F072E38-E84E-486A-886D-E33B621A8949}.Release|Net40.Build.0 = Release|Any CPU
		{6F072E38-E84E-486A-886D-E33B621A8949}.Release|WithNRefactory.ActiveCfg = Release|Any CPU
		{6F072E38-E84E-486A-886D-E33B621A8949}.Release|WithNRefactory.Build.0 = Release|Any CPU
		{AC3122D8-ECC0-417D-A585-12438C8CB76D}.Debug|Any CPU.ActiveCfg = Debug|Any CPU
		{AC3122D8-ECC0-417D-A585-12438C8CB76D}.Debug|Any CPU.Build.0 = Debug|Any CPU
		{AC3122D8-ECC0-417D-A585-12438C8CB76D}.Debug|Net35.ActiveCfg = Debug|Any CPU
		{AC3122D8-ECC0-417D-A585-12438C8CB76D}.Debug|Net35.Build.0 = Debug|Any CPU
		{AC3122D8-ECC0-417D-A585-12438C8CB76D}.Debug|Net40.ActiveCfg = Debug|Any CPU
		{AC3122D8-ECC0-417D-A585-12438C8CB76D}.Debug|Net40.Build.0 = Debug|Any CPU
		{AC3122D8-ECC0-417D-A585-12438C8CB76D}.Debug|WithNRefactory.ActiveCfg = Debug|Any CPU
		{AC3122D8-ECC0-417D-A585-12438C8CB76D}.Debug|WithNRefactory.Build.0 = Debug|Any CPU
		{AC3122D8-ECC0-417D-A585-12438C8CB76D}.Release|Any CPU.ActiveCfg = Release|Any CPU
		{AC3122D8-ECC0-417D-A585-12438C8CB76D}.Release|Any CPU.Build.0 = Release|Any CPU
		{AC3122D8-ECC0-417D-A585-12438C8CB76D}.Release|Net35.ActiveCfg = Release|Any CPU
		{AC3122D8-ECC0-417D-A585-12438C8CB76D}.Release|Net35.Build.0 = Release|Any CPU
		{AC3122D8-ECC0-417D-A585-12438C8CB76D}.Release|Net40.ActiveCfg = Release|Any CPU
		{AC3122D8-ECC0-417D-A585-12438C8CB76D}.Release|Net40.Build.0 = Release|Any CPU
		{AC3122D8-ECC0-417D-A585-12438C8CB76D}.Release|WithNRefactory.ActiveCfg = Release|Any CPU
		{AC3122D8-ECC0-417D-A585-12438C8CB76D}.Release|WithNRefactory.Build.0 = Release|Any CPU
		{94BFA44A-F4D0-4605-88E6-3ADD498F5E16}.Debug|Any CPU.ActiveCfg = Debug|Any CPU
		{94BFA44A-F4D0-4605-88E6-3ADD498F5E16}.Debug|Any CPU.Build.0 = Debug|Any CPU
		{94BFA44A-F4D0-4605-88E6-3ADD498F5E16}.Debug|Net35.ActiveCfg = Debug|Any CPU
		{94BFA44A-F4D0-4605-88E6-3ADD498F5E16}.Debug|Net35.Build.0 = Debug|Any CPU
		{94BFA44A-F4D0-4605-88E6-3ADD498F5E16}.Debug|Net40.ActiveCfg = Debug|Any CPU
		{94BFA44A-F4D0-4605-88E6-3ADD498F5E16}.Debug|Net40.Build.0 = Debug|Any CPU
		{94BFA44A-F4D0-4605-88E6-3ADD498F5E16}.Debug|WithNRefactory.ActiveCfg = Debug|Any CPU
		{94BFA44A-F4D0-4605-88E6-3ADD498F5E16}.Debug|WithNRefactory.Build.0 = Debug|Any CPU
		{94BFA44A-F4D0-4605-88E6-3ADD498F5E16}.Release|Any CPU.ActiveCfg = Release|Any CPU
		{94BFA44A-F4D0-4605-88E6-3ADD498F5E16}.Release|Any CPU.Build.0 = Release|Any CPU
		{94BFA44A-F4D0-4605-88E6-3ADD498F5E16}.Release|Net35.ActiveCfg = Release|Any CPU
		{94BFA44A-F4D0-4605-88E6-3ADD498F5E16}.Release|Net35.Build.0 = Release|Any CPU
		{94BFA44A-F4D0-4605-88E6-3ADD498F5E16}.Release|Net40.ActiveCfg = Release|Any CPU
		{94BFA44A-F4D0-4605-88E6-3ADD498F5E16}.Release|Net40.Build.0 = Release|Any CPU
		{94BFA44A-F4D0-4605-88E6-3ADD498F5E16}.Release|WithNRefactory.ActiveCfg = Release|Any CPU
		{94BFA44A-F4D0-4605-88E6-3ADD498F5E16}.Release|WithNRefactory.Build.0 = Release|Any CPU
		{3814F627-858A-42A3-9AAF-CD649413F2A8}.Debug|Any CPU.ActiveCfg = Debug|Any CPU
		{3814F627-858A-42A3-9AAF-CD649413F2A8}.Debug|Any CPU.Build.0 = Debug|Any CPU
		{3814F627-858A-42A3-9AAF-CD649413F2A8}.Debug|Net35.ActiveCfg = Debug|Any CPU
		{3814F627-858A-42A3-9AAF-CD649413F2A8}.Debug|Net35.Build.0 = Debug|Any CPU
		{3814F627-858A-42A3-9AAF-CD649413F2A8}.Debug|Net40.ActiveCfg = Debug|Any CPU
		{3814F627-858A-42A3-9AAF-CD649413F2A8}.Debug|Net40.Build.0 = Debug|Any CPU
		{3814F627-858A-42A3-9AAF-CD649413F2A8}.Debug|WithNRefactory.ActiveCfg = Debug|Any CPU
		{3814F627-858A-42A3-9AAF-CD649413F2A8}.Debug|WithNRefactory.Build.0 = Debug|Any CPU
		{3814F627-858A-42A3-9AAF-CD649413F2A8}.Release|Any CPU.ActiveCfg = Release|Any CPU
		{3814F627-858A-42A3-9AAF-CD649413F2A8}.Release|Any CPU.Build.0 = Release|Any CPU
		{3814F627-858A-42A3-9AAF-CD649413F2A8}.Release|Net35.ActiveCfg = Release|Any CPU
		{3814F627-858A-42A3-9AAF-CD649413F2A8}.Release|Net35.Build.0 = Release|Any CPU
		{3814F627-858A-42A3-9AAF-CD649413F2A8}.Release|Net40.ActiveCfg = Release|Any CPU
		{3814F627-858A-42A3-9AAF-CD649413F2A8}.Release|Net40.Build.0 = Release|Any CPU
		{3814F627-858A-42A3-9AAF-CD649413F2A8}.Release|WithNRefactory.ActiveCfg = Release|Any CPU
		{3814F627-858A-42A3-9AAF-CD649413F2A8}.Release|WithNRefactory.Build.0 = Release|Any CPU
		{3F43BAB0-22B4-4FD6-9655-8BA214A093A5}.Debug|Any CPU.ActiveCfg = Debug|Any CPU
		{3F43BAB0-22B4-4FD6-9655-8BA214A093A5}.Debug|Any CPU.Build.0 = Debug|Any CPU
		{3F43BAB0-22B4-4FD6-9655-8BA214A093A5}.Debug|Net35.ActiveCfg = Debug|Any CPU
		{3F43BAB0-22B4-4FD6-9655-8BA214A093A5}.Debug|Net35.Build.0 = Debug|Any CPU
		{3F43BAB0-22B4-4FD6-9655-8BA214A093A5}.Debug|Net40.ActiveCfg = Debug|Any CPU
		{3F43BAB0-22B4-4FD6-9655-8BA214A093A5}.Debug|Net40.Build.0 = Debug|Any CPU
		{3F43BAB0-22B4-4FD6-9655-8BA214A093A5}.Debug|WithNRefactory.ActiveCfg = Debug|Any CPU
		{3F43BAB0-22B4-4FD6-9655-8BA214A093A5}.Debug|WithNRefactory.Build.0 = Debug|Any CPU
		{3F43BAB0-22B4-4FD6-9655-8BA214A093A5}.Release|Any CPU.ActiveCfg = Release|Any CPU
		{3F43BAB0-22B4-4FD6-9655-8BA214A093A5}.Release|Any CPU.Build.0 = Release|Any CPU
		{3F43BAB0-22B4-4FD6-9655-8BA214A093A5}.Release|Net35.ActiveCfg = Release|Any CPU
		{3F43BAB0-22B4-4FD6-9655-8BA214A093A5}.Release|Net35.Build.0 = Release|Any CPU
		{3F43BAB0-22B4-4FD6-9655-8BA214A093A5}.Release|Net40.ActiveCfg = Release|Any CPU
		{3F43BAB0-22B4-4FD6-9655-8BA214A093A5}.Release|Net40.Build.0 = Release|Any CPU
		{3F43BAB0-22B4-4FD6-9655-8BA214A093A5}.Release|WithNRefactory.ActiveCfg = Release|Any CPU
		{3F43BAB0-22B4-4FD6-9655-8BA214A093A5}.Release|WithNRefactory.Build.0 = Release|Any CPU
		{764DACCF-D87A-401C-B96C-BCF44BD064BB}.Debug|Any CPU.ActiveCfg = Debug|Any CPU
		{764DACCF-D87A-401C-B96C-BCF44BD064BB}.Debug|Any CPU.Build.0 = Debug|Any CPU
		{764DACCF-D87A-401C-B96C-BCF44BD064BB}.Debug|Net35.ActiveCfg = Debug|Any CPU
		{764DACCF-D87A-401C-B96C-BCF44BD064BB}.Debug|Net35.Build.0 = Debug|Any CPU
		{764DACCF-D87A-401C-B96C-BCF44BD064BB}.Debug|Net40.ActiveCfg = Debug|Any CPU
		{764DACCF-D87A-401C-B96C-BCF44BD064BB}.Debug|Net40.Build.0 = Debug|Any CPU
		{764DACCF-D87A-401C-B96C-BCF44BD064BB}.Debug|WithNRefactory.ActiveCfg = Debug|Any CPU
		{764DACCF-D87A-401C-B96C-BCF44BD064BB}.Debug|WithNRefactory.Build.0 = Debug|Any CPU
		{764DACCF-D87A-401C-B96C-BCF44BD064BB}.Release|Any CPU.ActiveCfg = Release|Any CPU
		{764DACCF-D87A-401C-B96C-BCF44BD064BB}.Release|Any CPU.Build.0 = Release|Any CPU
		{764DACCF-D87A-401C-B96C-BCF44BD064BB}.Release|Net35.ActiveCfg = Release|Any CPU
		{764DACCF-D87A-401C-B96C-BCF44BD064BB}.Release|Net35.Build.0 = Release|Any CPU
		{764DACCF-D87A-401C-B96C-BCF44BD064BB}.Release|Net40.ActiveCfg = Release|Any CPU
		{764DACCF-D87A-401C-B96C-BCF44BD064BB}.Release|Net40.Build.0 = Release|Any CPU
		{764DACCF-D87A-401C-B96C-BCF44BD064BB}.Release|WithNRefactory.ActiveCfg = Release|Any CPU
		{764DACCF-D87A-401C-B96C-BCF44BD064BB}.Release|WithNRefactory.Build.0 = Release|Any CPU
		{6C55B776-26D4-4DB3-A6AB-87E783B2F3D1}.Debug|Any CPU.ActiveCfg = Debug|WithNRefactory
		{6C55B776-26D4-4DB3-A6AB-87E783B2F3D1}.Debug|Net35.ActiveCfg = Debug|Net35
		{6C55B776-26D4-4DB3-A6AB-87E783B2F3D1}.Debug|Net35.Build.0 = Debug|Net35
		{6C55B776-26D4-4DB3-A6AB-87E783B2F3D1}.Debug|Net40.ActiveCfg = Debug|Net40
		{6C55B776-26D4-4DB3-A6AB-87E783B2F3D1}.Debug|Net40.Build.0 = Debug|Net40
		{6C55B776-26D4-4DB3-A6AB-87E783B2F3D1}.Debug|WithNRefactory.ActiveCfg = Debug|WithNRefactory
		{6C55B776-26D4-4DB3-A6AB-87E783B2F3D1}.Debug|WithNRefactory.Build.0 = Debug|WithNRefactory
		{6C55B776-26D4-4DB3-A6AB-87E783B2F3D1}.Release|Any CPU.ActiveCfg = Release|WithNRefactory
		{6C55B776-26D4-4DB3-A6AB-87E783B2F3D1}.Release|Net35.ActiveCfg = Release|Net35
		{6C55B776-26D4-4DB3-A6AB-87E783B2F3D1}.Release|Net35.Build.0 = Release|Net35
		{6C55B776-26D4-4DB3-A6AB-87E783B2F3D1}.Release|Net40.ActiveCfg = Release|Net40
		{6C55B776-26D4-4DB3-A6AB-87E783B2F3D1}.Release|Net40.Build.0 = Release|Net40
		{6C55B776-26D4-4DB3-A6AB-87E783B2F3D1}.Release|WithNRefactory.ActiveCfg = Release|WithNRefactory
		{6C55B776-26D4-4DB3-A6AB-87E783B2F3D1}.Release|WithNRefactory.Build.0 = Release|WithNRefactory
		{13A5B497-BA12-45AE-9033-22620C3153FB}.Debug|Any CPU.ActiveCfg = Debug|WithNRefactory
		{13A5B497-BA12-45AE-9033-22620C3153FB}.Debug|Net35.ActiveCfg = Debug|Net35
		{13A5B497-BA12-45AE-9033-22620C3153FB}.Debug|Net35.Build.0 = Debug|Net35
		{13A5B497-BA12-45AE-9033-22620C3153FB}.Debug|Net40.ActiveCfg = Debug|Net40
		{13A5B497-BA12-45AE-9033-22620C3153FB}.Debug|Net40.Build.0 = Debug|Net40
		{13A5B497-BA12-45AE-9033-22620C3153FB}.Debug|WithNRefactory.ActiveCfg = Debug|WithNRefactory
		{13A5B497-BA12-45AE-9033-22620C3153FB}.Debug|WithNRefactory.Build.0 = Debug|WithNRefactory
		{13A5B497-BA12-45AE-9033-22620C3153FB}.Release|Any CPU.ActiveCfg = Release|WithNRefactory
		{13A5B497-BA12-45AE-9033-22620C3153FB}.Release|Net35.ActiveCfg = Release|Net35
		{13A5B497-BA12-45AE-9033-22620C3153FB}.Release|Net35.Build.0 = Release|Net35
		{13A5B497-BA12-45AE-9033-22620C3153FB}.Release|Net40.ActiveCfg = Release|Net40
		{13A5B497-BA12-45AE-9033-22620C3153FB}.Release|Net40.Build.0 = Release|Net40
		{13A5B497-BA12-45AE-9033-22620C3153FB}.Release|WithNRefactory.ActiveCfg = Release|WithNRefactory
		{13A5B497-BA12-45AE-9033-22620C3153FB}.Release|WithNRefactory.Build.0 = Release|WithNRefactory
	EndGlobalSection
	GlobalSection(SolutionProperties) = preSolution
		HideSolutionNode = FALSE
	EndGlobalSection
	GlobalSection(NestedProjects) = preSolution
		{AC3122D8-ECC0-417D-A585-12438C8CB76D} = {F7833274-8A4A-4270-B02A-8EE5771EF095}
		{94BFA44A-F4D0-4605-88E6-3ADD498F5E16} = {F7833274-8A4A-4270-B02A-8EE5771EF095}
		{3814F627-858A-42A3-9AAF-CD649413F2A8} = {F7833274-8A4A-4270-B02A-8EE5771EF095}
		{3F43BAB0-22B4-4FD6-9655-8BA214A093A5} = {F7833274-8A4A-4270-B02A-8EE5771EF095}
		{6C55B776-26D4-4DB3-A6AB-87E783B2F3D1} = {F7833274-8A4A-4270-B02A-8EE5771EF095}
		{13A5B497-BA12-45AE-9033-22620C3153FB} = {F7833274-8A4A-4270-B02A-8EE5771EF095}
	EndGlobalSection
EndGlobal
