
Microsoft Visual Studio Solution File, Format Version 12.00
# Visual Studio 14
VisualStudioVersion = 14.0.23107.0
MinimumVisualStudioVersion = 10.0.40219.1
Project("{FAE04EC0-301F-11D3-BF4B-00C04F79EFBC}") = "TealEditor", "TealEditor\TealEditor.csproj", "{D9F6DB2D-5E0A-4E25-BBA4-DE34E0FF7C4E}"
EndProject
Project("{FAE04EC0-301F-11D3-BF4B-00C04F79EFBC}") = "Teal.CodeEditor", "Teal.CodeEditor\Teal.CodeEditor.csproj", "{674C78B7-5337-4954-848D-C21724249B98}"
EndProject
Project("{FAE04EC0-301F-11D3-BF4B-00C04F79EFBC}") = "Teal.CodeEditor.Test", "Teal.CodeEditor.Test\Teal.CodeEditor.Test.csproj", "{6F072E38-E84E-486A-886D-E33B621A8949}"
EndProject
Project("{2150E333-8FDC-42A3-9474-1A3956D46DE8}") = "参考项目", "参考项目", "{F7833274-8A4A-4270-B02A-8EE5771EF095}"
EndProject
Project("{FAE04EC0-301F-11D3-BF4B-00C04F79EFBC}") = "CodeEditor", "_refs\hardek\Code Editor\CodeEditor\CodeEditor.csproj", "{94BFA44A-F4D0-4605-88E6-3ADD498F5E16}"
EndProject
Project("{FAE04EC0-301F-11D3-BF4B-00C04F79EFBC}") = "CodeEditor.SyntaxDocument", "_refs\hardek\Code Editor\SyntaxDocument\CodeEditor.SyntaxDocument.csproj", "{3F43BAB0-22B4-4FD6-9655-8BA214A093A5}"
EndProject
Global
	GlobalSection(SolutionConfigurationPlatforms) = preSolution
		Debug|Any CPU = Debug|Any CPU
		Release|Any CPU = Release|Any CPU
	EndGlobalSection
	GlobalSection(ProjectConfigurationPlatforms) = postSolution
		{D9F6DB2D-5E0A-4E25-BBA4-DE34E0FF7C4E}.Debug|Any CPU.ActiveCfg = Debug|Any CPU
		{D9F6DB2D-5E0A-4E25-BBA4-DE34E0FF7C4E}.Debug|Any CPU.Build.0 = Debug|Any CPU
		{D9F6DB2D-5E0A-4E25-BBA4-DE34E0FF7C4E}.Release|Any CPU.ActiveCfg = Release|Any CPU
		{D9F6DB2D-5E0A-4E25-BBA4-DE34E0FF7C4E}.Release|Any CPU.Build.0 = Release|Any CPU
		{674C78B7-5337-4954-848D-C21724249B98}.Debug|Any CPU.ActiveCfg = Debug|Any CPU
		{674C78B7-5337-4954-848D-C21724249B98}.Debug|Any CPU.Build.0 = Debug|Any CPU
		{674C78B7-5337-4954-848D-C21724249B98}.Release|Any CPU.ActiveCfg = Release|Any CPU
		{674C78B7-5337-4954-848D-C21724249B98}.Release|Any CPU.Build.0 = Release|Any CPU
		{6F072E38-E84E-486A-886D-E33B621A8949}.Debug|Any CPU.ActiveCfg = Debug|Any CPU
		{6F072E38-E84E-486A-886D-E33B621A8949}.Debug|Any CPU.Build.0 = Debug|Any CPU
		{6F072E38-E84E-486A-886D-E33B621A8949}.Release|Any CPU.ActiveCfg = Release|Any CPU
		{6F072E38-E84E-486A-886D-E33B621A8949}.Release|Any CPU.Build.0 = Release|Any CPU
		{94BFA44A-F4D0-4605-88E6-3ADD498F5E16}.Debug|Any CPU.ActiveCfg = Debug|Any CPU
		{94BFA44A-F4D0-4605-88E6-3ADD498F5E16}.Debug|Any CPU.Build.0 = Debug|Any CPU
		{94BFA44A-F4D0-4605-88E6-3ADD498F5E16}.Release|Any CPU.ActiveCfg = Release|Any CPU
		{94BFA44A-F4D0-4605-88E6-3ADD498F5E16}.Release|Any CPU.Build.0 = Release|Any CPU
		{3F43BAB0-22B4-4FD6-9655-8BA214A093A5}.Debug|Any CPU.ActiveCfg = Debug|Any CPU
		{3F43BAB0-22B4-4FD6-9655-8BA214A093A5}.Debug|Any CPU.Build.0 = Debug|Any CPU
		{3F43BAB0-22B4-4FD6-9655-8BA214A093A5}.Release|Any CPU.ActiveCfg = Release|Any CPU
		{3F43BAB0-22B4-4FD6-9655-8BA214A093A5}.Release|Any CPU.Build.0 = Release|Any CPU
	EndGlobalSection
	GlobalSection(SolutionProperties) = preSolution
		HideSolutionNode = FALSE
	EndGlobalSection
	GlobalSection(NestedProjects) = preSolution
		{94BFA44A-F4D0-4605-88E6-3ADD498F5E16} = {F7833274-8A4A-4270-B02A-8EE5771EF095}
		{3F43BAB0-22B4-4FD6-9655-8BA214A093A5} = {F7833274-8A4A-4270-B02A-8EE5771EF095}
	EndGlobalSection
EndGlobal
